# generated by rye
# use `rye lock` or `rye sync` to update this lockfile
#
# last locked with the following flags:
#   pre: false
#   features: []
#   all-features: false
#   with-sources: false
#   generate-hashes: false
#   universal: false

-e file:.
annotated-types==0.7.0
    # via pydantic
asttokens==3.0.0
    # via stack-data
atomicwrites==1.4.1
    # via uszipcode
attrs==25.3.0
    # via uszipcode
certifi==2025.4.26
    # via pyogrio
    # via pyproj
    # via requests
charset-normalizer==3.4.2
    # via requests
comm==0.2.2
    # via ipykernel
contourpy==1.3.2
    # via matplotlib
cycler==0.12.1
    # via matplotlib
debugpy==1.8.14
    # via ipykernel
decorator==5.2.1
    # via ipython
et-xmlfile==2.0.0
    # via openpyxl
executing==2.2.0
    # via stack-data
fonttools==4.58.2
    # via matplotlib
fuzzywuzzy==0.18.0
    # via uszipcode
geopandas==1.1.0
    # via us-routing
greenlet==3.2.3
    # via sqlalchemy
haversine==2.9.0
    # via uszipcode
idna==3.10
    # via requests
ipykernel==6.29.5
ipython==9.3.0
    # via ipykernel
ipython-pygments-lexers==1.1.1
    # via ipython
jedi==0.19.2
    # via ipython
jupyter-client==8.6.3
    # via ipykernel
jupyter-core==5.8.1
    # via ipykernel
    # via jupyter-client
kiwisolver==1.4.8
    # via matplotlib
levenshtein==0.27.1
    # via python-levenshtein
matplotlib==3.10.3
matplotlib-inline==0.1.7
    # via ipykernel
    # via ipython
nest-asyncio==1.6.0
    # via ipykernel
networkx==3.5
    # via us-routing
numpy==2.3.0
    # via contourpy
    # via geopandas
    # via matplotlib
    # via pandas
    # via pyogrio
    # via scipy
    # via shapely
    # via us-routing
openpyxl==3.1.5
packaging==25.0
    # via geopandas
    # via ipykernel
    # via matplotlib
    # via pyogrio
pandas==2.3.0
    # via geopandas
    # via us-routing
parso==0.8.4
    # via jedi
pathlib-mate==1.3.2
    # via uszipcode
pexpect==4.9.0
    # via ipython
pillow==11.2.1
    # via matplotlib
platformdirs==4.3.8
    # via jupyter-core
prettytable==3.16.0
    # via sqlalchemy-mate
prompt-toolkit==3.0.51
    # via ipython
psutil==7.0.0
    # via ipykernel
ptyprocess==0.7.0
    # via pexpect
pure-eval==0.2.3
    # via stack-data
pydantic==2.11.5
    # via us-routing
pydantic-core==2.33.2
    # via pydantic
pygments==2.19.1
    # via ipython
    # via ipython-pygments-lexers
pyogrio==0.11.0
    # via geopandas
pyparsing==3.2.3
    # via matplotlib
pyproj==3.7.1
    # via geopandas
python-dateutil==2.9.0.post0
    # via jupyter-client
    # via matplotlib
    # via pandas
python-levenshtein==0.27.1
    # via us-routing
pytz==2025.2
    # via pandas
pyzmq==26.4.0
    # via ipykernel
    # via jupyter-client
rapidfuzz==3.13.0
    # via levenshtein
requests==2.32.4
    # via us-routing
    # via uszipcode
rtree==1.4.0
    # via us-routing
scipy==1.15.3
shapely==2.1.1
    # via geopandas
six==1.17.0
    # via python-dateutil
sqlalchemy==1.4.54
    # via sqlalchemy-mate
    # via uszipcode
sqlalchemy-mate==1.4.28.4
    # via us-routing
    # via uszipcode
stack-data==0.6.3
    # via ipython
tornado==6.5.1
    # via ipykernel
    # via jupyter-client
tqdm==4.67.1
    # via us-routing
traitlets==5.14.3
    # via comm
    # via ipykernel
    # via ipython
    # via jupyter-client
    # via jupyter-core
    # via matplotlib-inline
typing-extensions==4.14.0
    # via pydantic
    # via pydantic-core
    # via typing-inspection
typing-inspection==0.4.1
    # via pydantic
tzdata==2025.2
    # via pandas
urllib3==2.4.0
    # via requests
uszipcode==1.0.1
    # via us-routing
wcwidth==0.2.13
    # via prettytable
    # via prompt-toolkit
